
Microsoft Visual Studio Solution File, Format Version 12.00
# Visual Studio 15
VisualStudioVersion = 15.0.27428.2002
MinimumVisualStudioVersion = 10.0.40219.1
Project("{8BC9CEB8-8B4A-11D0-8D11-00A0C91BC942}") = "20200407_morphlogy", "20200407_morphlogy\20200407_morphlogy.vcxproj", "{561EB968-4F0E-4544-911B-1B0B50AF5C26}"
EndProject
Global
	GlobalSection(SolutionConfigurationPlatforms) = preSolution
		Debug|x64 = Debug|x64
		Debug|x86 = Debug|x86
		Release|x64 = Release|x64
		Release|x86 = Release|x86
	EndGlobalSection
	GlobalSection(ProjectConfigurationPlatforms) = postSolution
		{561EB968-4F0E-4544-911B-1B0B50AF5C26}.Debug|x64.ActiveCfg = Debug|x64
		{561EB968-4F0E-4544-911B-1B0B50AF5C26}.Debug|x64.Build.0 = Debug|x64
		{561EB968-4F0E-4544-911B-1B0B50AF5C26}.Debug|x86.ActiveCfg = Debug|Win32
		{561EB968-4F0E-4544-911B-1B0B50AF5C26}.Debug|x86.Build.0 = Debug|Win32
		{561EB968-4F0E-4544-911B-1B0B50AF5C26}.Release|x64.ActiveCfg = Release|x64
		{561EB968-4F0E-4544-911B-1B0B50AF5C26}.Release|x64.Build.0 = Release|x64
		{561EB968-4F0E-4544-911B-1B0B50AF5C26}.Release|x86.ActiveCfg = Release|Win32
		{561EB968-4F0E-4544-911B-1B0B50AF5C26}.Release|x86.Build.0 = Release|Win32
	EndGlobalSection
	GlobalSection(SolutionProperties) = preSolution
		HideSolutionNode = FALSE
	EndGlobalSection
	GlobalSection(ExtensibilityGlobals) = postSolution
		SolutionGuid = {E390D300-6E9F-4FEB-B49E-E5319D416229}
	EndGlobalSection
EndGlobal
